
Microsoft Visual Studio Solution File, Format Version 12.00
# Visual Studio 15
VisualStudioVersion = 15.0.28307.779
MinimumVisualStudioVersion = 10.0.40219.1
Project("{FAE04EC0-301F-11D3-BF4B-00C04F79EFBC}") = "githubtest", "githubtest\githubtest.csproj", "{046BABD8-ECAE-4693-AE42-911B0C380768}"
EndProject
Global
	GlobalSection(SolutionConfigurationPlatforms) = preSolution
		Debug|Any CPU = Debug|Any CPU
		Release|Any CPU = Release|Any CPU
	EndGlobalSection
	GlobalSection(ProjectConfigurationPlatforms) = postSolution
		{046BABD8-ECAE-4693-AE42-911B0C380768}.Debug|Any CPU.ActiveCfg = Debug|Any CPU
		{046BABD8-ECAE-4693-AE42-911B0C380768}.Debug|Any CPU.Build.0 = Debug|Any CPU
		{046BABD8-ECAE-4693-AE42-911B0C380768}.Release|Any CPU.ActiveCfg = Release|Any CPU
		{046BABD8-ECAE-4693-AE42-911B0C380768}.Release|Any CPU.Build.0 = Release|Any CPU
	EndGlobalSection
	GlobalSection(SolutionProperties) = preSolution
		HideSolutionNode = FALSE
	EndGlobalSection
	GlobalSection(ExtensibilityGlobals) = postSolution
		SolutionGuid = {AC286AD4-1455-47EA-9588-3311B4711B5D}
	EndGlobalSection
EndGlobal
